
Microsoft Visual Studio Solution File, Format Version 12.00
# Visual Studio 2013
VisualStudioVersion = 12.0.31101.0
MinimumVisualStudioVersion = 10.0.40219.1
Project("{FAE04EC0-301F-11D3-BF4B-00C04F79EFBC}") = "MinutoSeguros.Lib", "MinutoSeguros.Lib\MinutoSeguros.Lib.csproj", "{E324B7D0-C970-4596-ACEA-9660E40B8E25}"
EndProject
Project("{FAE04EC0-301F-11D3-BF4B-00C04F79EFBC}") = "MinutoSeguros.Console", "MinutoSeguros.Console\MinutoSeguros.Console.csproj", "{2890D4BB-D02C-4FD8-91E5-3B19E5A5920F}"
EndProject
Project("{FAE04EC0-301F-11D3-BF4B-00C04F79EFBC}") = "MinutoSeguros.ConsoleEstruturado", "MinutoSeguros.ConsoleEstruturado\MinutoSeguros.ConsoleEstruturado.csproj", "{2353C3A0-B590-46F5-AFE6-6DD349BBCC56}"
EndProject
Project("{FAE04EC0-301F-11D3-BF4B-00C04F79EFBC}") = "MinutoSeguros.MVC", "MinutoSeguros.MVC\MinutoSeguros.MVC.csproj", "{89A907B8-AF3A-43CA-AE4F-A21C60C73AFA}"
EndProject
Global
	GlobalSection(SolutionConfigurationPlatforms) = preSolution
		Debug|Any CPU = Debug|Any CPU
		Release|Any CPU = Release|Any CPU
	EndGlobalSection
	GlobalSection(ProjectConfigurationPlatforms) = postSolution
		{E324B7D0-C970-4596-ACEA-9660E40B8E25}.Debug|Any CPU.ActiveCfg = Debug|Any CPU
		{E324B7D0-C970-4596-ACEA-9660E40B8E25}.Debug|Any CPU.Build.0 = Debug|Any CPU
		{E324B7D0-C970-4596-ACEA-9660E40B8E25}.Release|Any CPU.ActiveCfg = Release|Any CPU
		{E324B7D0-C970-4596-ACEA-9660E40B8E25}.Release|Any CPU.Build.0 = Release|Any CPU
		{2890D4BB-D02C-4FD8-91E5-3B19E5A5920F}.Debug|Any CPU.ActiveCfg = Debug|Any CPU
		{2890D4BB-D02C-4FD8-91E5-3B19E5A5920F}.Debug|Any CPU.Build.0 = Debug|Any CPU
		{2890D4BB-D02C-4FD8-91E5-3B19E5A5920F}.Release|Any CPU.ActiveCfg = Release|Any CPU
		{2890D4BB-D02C-4FD8-91E5-3B19E5A5920F}.Release|Any CPU.Build.0 = Release|Any CPU
		{2353C3A0-B590-46F5-AFE6-6DD349BBCC56}.Debug|Any CPU.ActiveCfg = Debug|Any CPU
		{2353C3A0-B590-46F5-AFE6-6DD349BBCC56}.Debug|Any CPU.Build.0 = Debug|Any CPU
		{2353C3A0-B590-46F5-AFE6-6DD349BBCC56}.Release|Any CPU.ActiveCfg = Release|Any CPU
		{2353C3A0-B590-46F5-AFE6-6DD349BBCC56}.Release|Any CPU.Build.0 = Release|Any CPU
		{89A907B8-AF3A-43CA-AE4F-A21C60C73AFA}.Debug|Any CPU.ActiveCfg = Debug|Any CPU
		{89A907B8-AF3A-43CA-AE4F-A21C60C73AFA}.Debug|Any CPU.Build.0 = Debug|Any CPU
		{89A907B8-AF3A-43CA-AE4F-A21C60C73AFA}.Release|Any CPU.ActiveCfg = Release|Any CPU
		{89A907B8-AF3A-43CA-AE4F-A21C60C73AFA}.Release|Any CPU.Build.0 = Release|Any CPU
	EndGlobalSection
	GlobalSection(SolutionProperties) = preSolution
		HideSolutionNode = FALSE
	EndGlobalSection
EndGlobal
